
Microsoft Visual Studio Solution File, Format Version 12.00
# Visual Studio Version 16
VisualStudioVersion = 16.0.30114.105
MinimumVisualStudioVersion = 10.0.40219.1
Project("{FAE04EC0-301F-11D3-BF4B-00C04F79EFBC}") = "R5T.X0004.Construction", "R5T.X0004.Construction\R5T.X0004.Construction.csproj", "{614F73C0-53BD-4466-ABA0-ABFF034DC816}"
EndProject
Project("{FAE04EC0-301F-11D3-BF4B-00C04F79EFBC}") = "R5T.X0004", "R5T.X0004\R5T.X0004.csproj", "{9F637990-3B9B-49EE-91E2-55C17FDC7E71}"
EndProject
Global
	GlobalSection(SolutionConfigurationPlatforms) = preSolution
		Debug|Any CPU = Debug|Any CPU
		Debug|x64 = Debug|x64
		Debug|x86 = Debug|x86
		Release|Any CPU = Release|Any CPU
		Release|x64 = Release|x64
		Release|x86 = Release|x86
	EndGlobalSection
	GlobalSection(SolutionProperties) = preSolution
		HideSolutionNode = FALSE
	EndGlobalSection
	GlobalSection(ProjectConfigurationPlatforms) = postSolution
		{614F73C0-53BD-4466-ABA0-ABFF034DC816}.Debug|Any CPU.ActiveCfg = Debug|Any CPU
		{614F73C0-53BD-4466-ABA0-ABFF034DC816}.Debug|Any CPU.Build.0 = Debug|Any CPU
		{614F73C0-53BD-4466-ABA0-ABFF034DC816}.Debug|x64.ActiveCfg = Debug|Any CPU
		{614F73C0-53BD-4466-ABA0-ABFF034DC816}.Debug|x64.Build.0 = Debug|Any CPU
		{614F73C0-53BD-4466-ABA0-ABFF034DC816}.Debug|x86.ActiveCfg = Debug|Any CPU
		{614F73C0-53BD-4466-ABA0-ABFF034DC816}.Debug|x86.Build.0 = Debug|Any CPU
		{614F73C0-53BD-4466-ABA0-ABFF034DC816}.Release|Any CPU.ActiveCfg = Release|Any CPU
		{614F73C0-53BD-4466-ABA0-ABFF034DC816}.Release|Any CPU.Build.0 = Release|Any CPU
		{614F73C0-53BD-4466-ABA0-ABFF034DC816}.Release|x64.ActiveCfg = Release|Any CPU
		{614F73C0-53BD-4466-ABA0-ABFF034DC816}.Release|x64.Build.0 = Release|Any CPU
		{614F73C0-53BD-4466-ABA0-ABFF034DC816}.Release|x86.ActiveCfg = Release|Any CPU
		{614F73C0-53BD-4466-ABA0-ABFF034DC816}.Release|x86.Build.0 = Release|Any CPU
		{9F637990-3B9B-49EE-91E2-55C17FDC7E71}.Debug|Any CPU.ActiveCfg = Debug|Any CPU
		{9F637990-3B9B-49EE-91E2-55C17FDC7E71}.Debug|Any CPU.Build.0 = Debug|Any CPU
		{9F637990-3B9B-49EE-91E2-55C17FDC7E71}.Debug|x64.ActiveCfg = Debug|Any CPU
		{9F637990-3B9B-49EE-91E2-55C17FDC7E71}.Debug|x64.Build.0 = Debug|Any CPU
		{9F637990-3B9B-49EE-91E2-55C17FDC7E71}.Debug|x86.ActiveCfg = Debug|Any CPU
		{9F637990-3B9B-49EE-91E2-55C17FDC7E71}.Debug|x86.Build.0 = Debug|Any CPU
		{9F637990-3B9B-49EE-91E2-55C17FDC7E71}.Release|Any CPU.ActiveCfg = Release|Any CPU
		{9F637990-3B9B-49EE-91E2-55C17FDC7E71}.Release|Any CPU.Build.0 = Release|Any CPU
		{9F637990-3B9B-49EE-91E2-55C17FDC7E71}.Release|x64.ActiveCfg = Release|Any CPU
		{9F637990-3B9B-49EE-91E2-55C17FDC7E71}.Release|x64.Build.0 = Release|Any CPU
		{9F637990-3B9B-49EE-91E2-55C17FDC7E71}.Release|x86.ActiveCfg = Release|Any CPU
		{9F637990-3B9B-49EE-91E2-55C17FDC7E71}.Release|x86.Build.0 = Release|Any CPU
	EndGlobalSection
EndGlobal
